
Microsoft Visual Studio Solution File, Format Version 12.00
# Visual Studio 2012
Project("{FAE04EC0-301F-11D3-BF4B-00C04F79EFBC}") = "BooksScraper", "BooksScraper\BooksScraper.csproj", "{96156638-FF87-452F-8765-170183751205}"
EndProject
Global
	GlobalSection(SolutionConfigurationPlatforms) = preSolution
		Debug|Any CPU = Debug|Any CPU
		Release|Any CPU = Release|Any CPU
	EndGlobalSection
	GlobalSection(ProjectConfigurationPlatforms) = postSolution
		{96156638-FF87-452F-8765-170183751205}.Debug|Any CPU.ActiveCfg = Debug|Any CPU
		{96156638-FF87-452F-8765-170183751205}.Debug|Any CPU.Build.0 = Debug|Any CPU
		{96156638-FF87-452F-8765-170183751205}.Release|Any CPU.ActiveCfg = Release|Any CPU
		{96156638-FF87-452F-8765-170183751205}.Release|Any CPU.Build.0 = Release|Any CPU
	EndGlobalSection
	GlobalSection(SolutionProperties) = preSolution
		HideSolutionNode = FALSE
	EndGlobalSection
EndGlobal
